
Microsoft Visual Studio Solution File, Format Version 12.00
# Visual Studio Version 17
VisualStudioVersion = 17.2.32630.192
MinimumVisualStudioVersion = 10.0.40219.1
Project("{FAE04EC0-301F-11D3-BF4B-00C04F79EFBC}") = "MasterAndContent", "MasterAndContent\MasterAndContent.csproj", "{74CD6E12-289C-4254-8044-61268AA8C06F}"
EndProject
Global
	GlobalSection(SolutionConfigurationPlatforms) = preSolution
		Debug|Any CPU = Debug|Any CPU
		Release|Any CPU = Release|Any CPU
	EndGlobalSection
	GlobalSection(ProjectConfigurationPlatforms) = postSolution
		{74CD6E12-289C-4254-8044-61268AA8C06F}.Debug|Any CPU.ActiveCfg = Debug|Any CPU
		{74CD6E12-289C-4254-8044-61268AA8C06F}.Debug|Any CPU.Build.0 = Debug|Any CPU
		{74CD6E12-289C-4254-8044-61268AA8C06F}.Release|Any CPU.ActiveCfg = Release|Any CPU
		{74CD6E12-289C-4254-8044-61268AA8C06F}.Release|Any CPU.Build.0 = Release|Any CPU
	EndGlobalSection
	GlobalSection(SolutionProperties) = preSolution
		HideSolutionNode = FALSE
	EndGlobalSection
	GlobalSection(ExtensibilityGlobals) = postSolution
		SolutionGuid = {58D08B88-E553-48A8-B379-7F983D28B01D}
	EndGlobalSection
EndGlobal
